
Microsoft Visual Studio Solution File, Format Version 12.00
# Visual Studio Version 17
VisualStudioVersion = 17.10.35027.167
MinimumVisualStudioVersion = 10.0.40219.1
Project("{FAE04EC0-301F-11D3-BF4B-00C04F79EFBC}") = "Rabbitmq.Producer", "Rabbitmq.Producer\Rabbitmq.Producer.csproj", "{40053B65-A1DE-4086-A8AD-C6EB07237A81}"
EndProject
Project("{FAE04EC0-301F-11D3-BF4B-00C04F79EFBC}") = "Rabbitmq.Consumer", "Rabbitmq.Consumer\Rabbitmq.Consumer.csproj", "{A12D1A9C-E2EF-4C6B-A0B6-7B057885EC02}"
EndProject
Project("{FAE04EC0-301F-11D3-BF4B-00C04F79EFBC}") = "Rabbitmq.Utilities", "Rabbitmq.Utilities\Rabbitmq.Utilities.csproj", "{140DAF22-8F23-4F2E-89A4-81D7B3021D44}"
EndProject
Global
	GlobalSection(SolutionConfigurationPlatforms) = preSolution
		Debug|Any CPU = Debug|Any CPU
		Release|Any CPU = Release|Any CPU
	EndGlobalSection
	GlobalSection(ProjectConfigurationPlatforms) = postSolution
		{40053B65-A1DE-4086-A8AD-C6EB07237A81}.Debug|Any CPU.ActiveCfg = Debug|Any CPU
		{40053B65-A1DE-4086-A8AD-C6EB07237A81}.Debug|Any CPU.Build.0 = Debug|Any CPU
		{40053B65-A1DE-4086-A8AD-C6EB07237A81}.Release|Any CPU.ActiveCfg = Release|Any CPU
		{40053B65-A1DE-4086-A8AD-C6EB07237A81}.Release|Any CPU.Build.0 = Release|Any CPU
		{A12D1A9C-E2EF-4C6B-A0B6-7B057885EC02}.Debug|Any CPU.ActiveCfg = Debug|Any CPU
		{A12D1A9C-E2EF-4C6B-A0B6-7B057885EC02}.Debug|Any CPU.Build.0 = Debug|Any CPU
		{A12D1A9C-E2EF-4C6B-A0B6-7B057885EC02}.Release|Any CPU.ActiveCfg = Release|Any CPU
		{A12D1A9C-E2EF-4C6B-A0B6-7B057885EC02}.Release|Any CPU.Build.0 = Release|Any CPU
		{140DAF22-8F23-4F2E-89A4-81D7B3021D44}.Debug|Any CPU.ActiveCfg = Debug|Any CPU
		{140DAF22-8F23-4F2E-89A4-81D7B3021D44}.Debug|Any CPU.Build.0 = Debug|Any CPU
		{140DAF22-8F23-4F2E-89A4-81D7B3021D44}.Release|Any CPU.ActiveCfg = Release|Any CPU
		{140DAF22-8F23-4F2E-89A4-81D7B3021D44}.Release|Any CPU.Build.0 = Release|Any CPU
	EndGlobalSection
	GlobalSection(SolutionProperties) = preSolution
		HideSolutionNode = FALSE
	EndGlobalSection
	GlobalSection(ExtensibilityGlobals) = postSolution
		SolutionGuid = {3598AEAC-E343-49E9-A445-56F4AC7CD79F}
	EndGlobalSection
EndGlobal
